// !$*UTF8*$!
{
	archiveVersion = 1;
	classes = {
	};
	objectVersion = 55;
	objects = {

/* Begin PBXBuildFile section */
		BA65B98E2739FC4000A07D08 /* Movie.swift in Sources */ = {isa = PBXBuildFile; fileRef = BA65B98D2739FC4000A07D08 /* Movie.swift */; };
		BA65B992273A005E00A07D08 /* DateManager.swift in Sources */ = {isa = PBXBuildFile; fileRef = BA65B991273A005E00A07D08 /* DateManager.swift */; };
		BA65B99A273A07E400A07D08 /* MovieDetailViewController.swift in Sources */ = {isa = PBXBuildFile; fileRef = BA65B999273A07E400A07D08 /* MovieDetailViewController.swift */; };
		BA65B99C273A07F600A07D08 /* ListMoviesViewController.swift in Sources */ = {isa = PBXBuildFile; fileRef = BA65B99B273A07F600A07D08 /* ListMoviesViewController.swift */; };
		BA65B99E273A082D00A07D08 /* Movies.storyboard in Resources */ = {isa = PBXBuildFile; fileRef = BA65B99D273A082D00A07D08 /* Movies.storyboard */; };
		BA65B9A0273A142A00A07D08 /* MovieTableViewCell.swift in Sources */ = {isa = PBXBuildFile; fileRef = BA65B99F273A142A00A07D08 /* MovieTableViewCell.swift */; };
		BA65B9A2273A1C2000A07D08 /* ISILTextField.swift in Sources */ = {isa = PBXBuildFile; fileRef = BA65B9A1273A1C2000A07D08 /* ISILTextField.swift */; };
		BAD758BD27279942000F2EA9 /* Alamofire in Frameworks */ = {isa = PBXBuildFile; productRef = BAD758BC27279942000F2EA9 /* Alamofire */; };
		BAD758C0272799E3000F2EA9 /* UserWS.swift in Sources */ = {isa = PBXBuildFile; fileRef = BAD758BF272799E3000F2EA9 /* UserWS.swift */; };
		BAD758C2272799EE000F2EA9 /* MoviesWS.swift in Sources */ = {isa = PBXBuildFile; fileRef = BAD758C1272799EE000F2EA9 /* MoviesWS.swift */; };
		BAD758C4272799FD000F2EA9 /* FavoritesWS.swift in Sources */ = {isa = PBXBuildFile; fileRef = BAD758C3272799FD000F2EA9 /* FavoritesWS.swift */; };
		BAD758C72727A05D000F2EA9 /* MoviesResponseDTO.swift in Sources */ = {isa = PBXBuildFile; fileRef = BAD758C62727A05D000F2EA9 /* MoviesResponseDTO.swift */; };
		BAE9CF5B2727927F00C5A353 /* AppDelegate.swift in Sources */ = {isa = PBXBuildFile; fileRef = BAE9CF5A2727927F00C5A353 /* AppDelegate.swift */; };
		BAE9CF5D2727927F00C5A353 /* SceneDelegate.swift in Sources */ = {isa = PBXBuildFile; fileRef = BAE9CF5C2727927F00C5A353 /* SceneDelegate.swift */; };
		BAE9CF642727928000C5A353 /* Assets.xcassets in Resources */ = {isa = PBXBuildFile; fileRef = BAE9CF632727928000C5A353 /* Assets.xcassets */; };
		BAE9CF672727928100C5A353 /* LaunchScreen.storyboard in Resources */ = {isa = PBXBuildFile; fileRef = BAE9CF652727928100C5A353 /* LaunchScreen.storyboard */; };
/* End PBXBuildFile section */

/* Begin PBXFileReference section */
		BA65B98D2739FC4000A07D08 /* Movie.swift */ = {isa = PBXFileReference; lastKnownFileType = sourcecode.swift; path = Movie.swift; sourceTree = "<group>"; };
		BA65B991273A005E00A07D08 /* DateManager.swift */ = {isa = PBXFileReference; lastKnownFileType = sourcecode.swift; path = DateManager.swift; sourceTree = "<group>"; };
		BA65B999273A07E400A07D08 /* MovieDetailViewController.swift */ = {isa = PBXFileReference; lastKnownFileType = sourcecode.swift; path = MovieDetailViewController.swift; sourceTree = "<group>"; };
		BA65B99B273A07F600A07D08 /* ListMoviesViewController.swift */ = {isa = PBXFileReference; lastKnownFileType = sourcecode.swift; path = ListMoviesViewController.swift; sourceTree = "<group>"; };
		BA65B99D273A082D00A07D08 /* Movies.storyboard */ = {isa = PBXFileReference; lastKnownFileType = file.storyboard; path = Movies.storyboard; sourceTree = "<group>"; };
		BA65B99F273A142A00A07D08 /* MovieTableViewCell.swift */ = {isa = PBXFileReference; lastKnownFileType = sourcecode.swift; path = MovieTableViewCell.swift; sourceTree = "<group>"; };
		BA65B9A1273A1C2000A07D08 /* ISILTextField.swift */ = {isa = PBXFileReference; lastKnownFileType = sourcecode.swift; path = ISILTextField.swift; sourceTree = "<group>"; };
		BAD758BF272799E3000F2EA9 /* UserWS.swift */ = {isa = PBXFileReference; lastKnownFileType = sourcecode.swift; path = UserWS.swift; sourceTree = "<group>"; };
		BAD758C1272799EE000F2EA9 /* MoviesWS.swift */ = {isa = PBXFileReference; lastKnownFileType = sourcecode.swift; path = MoviesWS.swift; sourceTree = "<group>"; };
		BAD758C3272799FD000F2EA9 /* FavoritesWS.swift */ = {isa = PBXFileReference; lastKnownFileType = sourcecode.swift; path = FavoritesWS.swift; sourceTree = "<group>"; };
		BAD758C62727A05D000F2EA9 /* MoviesResponseDTO.swift */ = {isa = PBXFileReference; lastKnownFileType = sourcecode.swift; path = MoviesResponseDTO.swift; sourceTree = "<group>"; };
		BAE9CF572727927F00C5A353 /* Peliculas.app */ = {isa = PBXFileReference; explicitFileType = wrapper.application; includeInIndex = 0; path = Peliculas.app; sourceTree = BUILT_PRODUCTS_DIR; };
		BAE9CF5A2727927F00C5A353 /* AppDelegate.swift */ = {isa = PBXFileReference; lastKnownFileType = sourcecode.swift; path = AppDelegate.swift; sourceTree = "<group>"; };
		BAE9CF5C2727927F00C5A353 /* SceneDelegate.swift */ = {isa = PBXFileReference; lastKnownFileType = sourcecode.swift; path = SceneDelegate.swift; sourceTree = "<group>"; };
		BAE9CF632727928000C5A353 /* Assets.xcassets */ = {isa = PBXFileReference; lastKnownFileType = folder.assetcatalog; path = Assets.xcassets; sourceTree = "<group>"; };
		BAE9CF662727928100C5A353 /* Base */ = {isa = PBXFileReference; lastKnownFileType = file.storyboard; name = Base; path = Base.lproj/LaunchScreen.storyboard; sourceTree = "<group>"; };
		BAE9CF682727928100C5A353 /* Info.plist */ = {isa = PBXFileReference; lastKnownFileType = text.plist.xml; path = Info.plist; sourceTree = "<group>"; };
/* End PBXFileReference section */

/* Begin PBXFrameworksBuildPhase section */
		BAE9CF542727927F00C5A353 /* Frameworks */ = {
			isa = PBXFrameworksBuildPhase;
			buildActionMask = 2147483647;
			files = (
				BAD758BD27279942000F2EA9 /* Alamofire in Frameworks */,
			);
			runOnlyForDeploymentPostprocessing = 0;
		};
/* End PBXFrameworksBuildPhase section */

/* Begin PBXGroup section */
		BA65B98C2739FBC700A07D08 /* Entities */ = {
			isa = PBXGroup;
			children = (
				BA65B98D2739FC4000A07D08 /* Movie.swift */,
			);
			path = Entities;
			sourceTree = "<group>";
		};
		BA65B98F273A004800A07D08 /* iPhone */ = {
			isa = PBXGroup;
			children = (
				BA65B995273A07B800A07D08 /* Resources */,
				BA65B994273A07B000A07D08 /* Storyboards */,
				BA65B993273A07A600A07D08 /* Classes */,
			);
			path = iPhone;
			sourceTree = "<group>";
		};
		BA65B990273A004D00A07D08 /* General */ = {
			isa = PBXGroup;
			children = (
				BA65B991273A005E00A07D08 /* DateManager.swift */,
				BA65B9A1273A1C2000A07D08 /* ISILTextField.swift */,
			);
			path = General;
			sourceTree = "<group>";
		};
		BA65B993273A07A600A07D08 /* Classes */ = {
			isa = PBXGroup;
			children = (
				BA65B996273A07C400A07D08 /* Movies */,
			);
			path = Classes;
			sourceTree = "<group>";
		};
		BA65B994273A07B000A07D08 /* Storyboards */ = {
			isa = PBXGroup;
			children = (
				BA65B99D273A082D00A07D08 /* Movies.storyboard */,
			);
			path = Storyboards;
			sourceTree = "<group>";
		};
		BA65B995273A07B800A07D08 /* Resources */ = {
			isa = PBXGroup;
			children = (
			);
			path = Resources;
			sourceTree = "<group>";
		};
		BA65B996273A07C400A07D08 /* Movies */ = {
			isa = PBXGroup;
			children = (
				BA65B998273A07D100A07D08 /* List */,
				BA65B997273A07CC00A07D08 /* Detail */,
			);
			path = Movies;
			sourceTree = "<group>";
		};
		BA65B997273A07CC00A07D08 /* Detail */ = {
			isa = PBXGroup;
			children = (
				BA65B999273A07E400A07D08 /* MovieDetailViewController.swift */,
			);
			path = Detail;
			sourceTree = "<group>";
		};
		BA65B998273A07D100A07D08 /* List */ = {
			isa = PBXGroup;
			children = (
				BA65B99B273A07F600A07D08 /* ListMoviesViewController.swift */,
				BA65B99F273A142A00A07D08 /* MovieTableViewCell.swift */,
			);
			path = List;
			sourceTree = "<group>";
		};
		BAD758BE272799D0000F2EA9 /* WebServices */ = {
			isa = PBXGroup;
			children = (
				BAD758BF272799E3000F2EA9 /* UserWS.swift */,
				BAD758C3272799FD000F2EA9 /* FavoritesWS.swift */,
				BAD758C1272799EE000F2EA9 /* MoviesWS.swift */,
			);
			path = WebServices;
			sourceTree = "<group>";
		};
		BAD758C52727A042000F2EA9 /* DTO */ = {
			isa = PBXGroup;
			children = (
				BAD758C62727A05D000F2EA9 /* MoviesResponseDTO.swift */,
			);
			path = DTO;
			sourceTree = "<group>";
		};
		BAE9CF4E2727927F00C5A353 = {
			isa = PBXGroup;
			children = (
				BAE9CF592727927F00C5A353 /* Peliculas */,
				BAE9CF582727927F00C5A353 /* Products */,
			);
			sourceTree = "<group>";
		};
		BAE9CF582727927F00C5A353 /* Products */ = {
			isa = PBXGroup;
			children = (
				BAE9CF572727927F00C5A353 /* Peliculas.app */,
			);
			name = Products;
			sourceTree = "<group>";
		};
		BAE9CF592727927F00C5A353 /* Peliculas */ = {
			isa = PBXGroup;
			children = (
				BA65B990273A004D00A07D08 /* General */,
				BA65B98F273A004800A07D08 /* iPhone */,
				BA65B98C2739FBC700A07D08 /* Entities */,
				BAD758C52727A042000F2EA9 /* DTO */,
				BAD758BE272799D0000F2EA9 /* WebServices */,
				BAE9CF5A2727927F00C5A353 /* AppDelegate.swift */,
				BAE9CF5C2727927F00C5A353 /* SceneDelegate.swift */,
				BAE9CF632727928000C5A353 /* Assets.xcassets */,
				BAE9CF652727928100C5A353 /* LaunchScreen.storyboard */,
				BAE9CF682727928100C5A353 /* Info.plist */,
			);
			path = Peliculas;
			sourceTree = "<group>";
		};
/* End PBXGroup section */

/* Begin PBXNativeTarget section */
		BAE9CF562727927F00C5A353 /* Peliculas */ = {
			isa = PBXNativeTarget;
			buildConfigurationList = BAE9CF6B2727928100C5A353 /* Build configuration list for PBXNativeTarget "Peliculas" */;
			buildPhases = (
				BAE9CF532727927F00C5A353 /* Sources */,
				BAE9CF542727927F00C5A353 /* Frameworks */,
				BAE9CF552727927F00C5A353 /* Resources */,
			);
			buildRules = (
			);
			dependencies = (
			);
			name = Peliculas;
			packageProductDependencies = (
				BAD758BC27279942000F2EA9 /* Alamofire */,
			);
			productName = Peliculas;
			productReference = BAE9CF572727927F00C5A353 /* Peliculas.app */;
			productType = "com.apple.product-type.application";
		};
/* End PBXNativeTarget section */

/* Begin PBXProject section */
		BAE9CF4F2727927F00C5A353 /* Project object */ = {
			isa = PBXProject;
			attributes = {
				BuildIndependentTargetsInParallel = 1;
				LastSwiftUpdateCheck = 1300;
				LastUpgradeCheck = 1300;
				TargetAttributes = {
					BAE9CF562727927F00C5A353 = {
						CreatedOnToolsVersion = 13.0;
					};
				};
			};
			buildConfigurationList = BAE9CF522727927F00C5A353 /* Build configuration list for PBXProject "Peliculas" */;
			compatibilityVersion = "Xcode 13.0";
			developmentRegion = en;
			hasScannedForEncodings = 0;
			knownRegions = (
				en,
				Base,
			);
			mainGroup = BAE9CF4E2727927F00C5A353;
			packageReferences = (
				BAD758BB27279942000F2EA9 /* XCRemoteSwiftPackageReference "Alamofire" */,
			);
			productRefGroup = BAE9CF582727927F00C5A353 /* Products */;
			projectDirPath = "";
			projectRoot = "";
			targets = (
				BAE9CF562727927F00C5A353 /* Peliculas */,
			);
		};
/* End PBXProject section */

/* Begin PBXResourcesBuildPhase section */
		BAE9CF552727927F00C5A353 /* Resources */ = {
			isa = PBXResourcesBuildPhase;
			buildActionMask = 2147483647;
			files = (
				BAE9CF672727928100C5A353 /* LaunchScreen.storyboard in Resources */,
				BA65B99E273A082D00A07D08 /* Movies.storyboard in Resources */,
				BAE9CF642727928000C5A353 /* Assets.xcassets in Resources */,
			);
			runOnlyForDeploymentPostprocessing = 0;
		};
/* End PBXResourcesBuildPhase section */

/* Begin PBXSourcesBuildPhase section */
		BAE9CF532727927F00C5A353 /* Sources */ = {
			isa = PBXSourcesBuildPhase;
			buildActionMask = 2147483647;
			files = (
				BAD758C0272799E3000F2EA9 /* UserWS.swift in Sources */,
				BAE9CF5B2727927F00C5A353 /* AppDelegate.swift in Sources */,
				BAE9CF5D2727927F00C5A353 /* SceneDelegate.swift in Sources */,
				BA65B99C273A07F600A07D08 /* ListMoviesViewController.swift in Sources */,
				BAD758C2272799EE000F2EA9 /* MoviesWS.swift in Sources */,
				BAD758C72727A05D000F2EA9 /* MoviesResponseDTO.swift in Sources */,
				BA65B98E2739FC4000A07D08 /* Movie.swift in Sources */,
				BA65B992273A005E00A07D08 /* DateManager.swift in Sources */,
				BA65B9A2273A1C2000A07D08 /* ISILTextField.swift in Sources */,
				BA65B99A273A07E400A07D08 /* MovieDetailViewController.swift in Sources */,
				BA65B9A0273A142A00A07D08 /* MovieTableViewCell.swift in Sources */,
				BAD758C4272799FD000F2EA9 /* FavoritesWS.swift in Sources */,
			);
			runOnlyForDeploymentPostprocessing = 0;
		};
/* End PBXSourcesBuildPhase section */

/* Begin PBXVariantGroup section */
		BAE9CF652727928100C5A353 /* LaunchScreen.storyboard */ = {
			isa = PBXVariantGroup;
			children = (
				BAE9CF662727928100C5A353 /* Base */,
			);
			name = LaunchScreen.storyboard;
			sourceTree = "<group>";
		};
/* End PBXVariantGroup section */

/* Begin XCBuildConfiguration section */
		BAE9CF692727928100C5A353 /* Debug */ = {
			isa = XCBuildConfiguration;
			buildSettings = {
				ALWAYS_SEARCH_USER_PATHS = NO;
				CLANG_ANALYZER_NONNULL = YES;
				CLANG_ANALYZER_NUMBER_OBJECT_CONVERSION = YES_AGGRESSIVE;
				CLANG_CXX_LANGUAGE_STANDARD = "gnu++17";
				CLANG_CXX_LIBRARY = "libc++";
				CLANG_ENABLE_MODULES = YES;
				CLANG_ENABLE_OBJC_ARC = YES;
				CLANG_ENABLE_OBJC_WEAK = YES;
				CLANG_WARN_BLOCK_CAPTURE_AUTORELEASING = YES;
				CLANG_WARN_BOOL_CONVERSION = YES;
				CLANG_WARN_COMMA = YES;
				CLANG_WARN_CONSTANT_CONVERSION = YES;
				CLANG_WARN_DEPRECATED_OBJC_IMPLEMENTATIONS = YES;
				CLANG_WARN_DIRECT_OBJC_ISA_USAGE = YES_ERROR;
				CLANG_WARN_DOCUMENTATION_COMMENTS = YES;
				CLANG_WARN_EMPTY_BODY = YES;
				CLANG_WARN_ENUM_CONVERSION = YES;
				CLANG_WARN_INFINITE_RECURSION = YES;
				CLANG_WARN_INT_CONVERSION = YES;
				CLANG_WARN_NON_LITERAL_NULL_CONVERSION = YES;
				CLANG_WARN_OBJC_IMPLICIT_RETAIN_SELF = YES;
				CLANG_WARN_OBJC_LITERAL_CONVERSION = YES;
				CLANG_WARN_OBJC_ROOT_CLASS = YES_ERROR;
				CLANG_WARN_QUOTED_INCLUDE_IN_FRAMEWORK_HEADER = YES;
				CLANG_WARN_RANGE_LOOP_ANALYSIS = YES;
				CLANG_WARN_STRICT_PROTOTYPES = YES;
				CLANG_WARN_SUSPICIOUS_MOVE = YES;
				CLANG_WARN_UNGUARDED_AVAILABILITY = YES_AGGRESSIVE;
				CLANG_WARN_UNREACHABLE_CODE = YES;
				CLANG_WARN__DUPLICATE_METHOD_MATCH = YES;
				COPY_PHASE_STRIP = NO;
				DEBUG_INFORMATION_FORMAT = dwarf;
				ENABLE_STRICT_OBJC_MSGSEND = YES;
				ENABLE_TESTABILITY = YES;
				GCC_C_LANGUAGE_STANDARD = gnu11;
				GCC_DYNAMIC_NO_PIC = NO;
				GCC_NO_COMMON_BLOCKS = YES;
				GCC_OPTIMIZATION_LEVEL = 0;
				GCC_PREPROCESSOR_DEFINITIONS = (
					"DEBUG=1",
					"$(inherited)",
				);
				GCC_WARN_64_TO_32_BIT_CONVERSION = YES;
				GCC_WARN_ABOUT_RETURN_TYPE = YES_ERROR;
				GCC_WARN_UNDECLARED_SELECTOR = YES;
				GCC_WARN_UNINITIALIZED_AUTOS = YES_AGGRESSIVE;
				GCC_WARN_UNUSED_FUNCTION = YES;
				GCC_WARN_UNUSED_VARIABLE = YES;
				IPHONEOS_DEPLOYMENT_TARGET = 15.0;
				MTL_ENABLE_DEBUG_INFO = INCLUDE_SOURCE;
				MTL_FAST_MATH = YES;
				ONLY_ACTIVE_ARCH = YES;
				SDKROOT = iphoneos;
				SWIFT_ACTIVE_COMPILATION_CONDITIONS = DEBUG;
				SWIFT_OPTIMIZATION_LEVEL = "-Onone";
			};
			name = Debug;
		};
		BAE9CF6A2727928100C5A353 /* Release */ = {
			isa = XCBuildConfiguration;
			buildSettings = {
				ALWAYS_SEARCH_USER_PATHS = NO;
				CLANG_ANALYZER_NONNULL = YES;
				CLANG_ANALYZER_NUMBER_OBJECT_CONVERSION = YES_AGGRESSIVE;
				CLANG_CXX_LANGUAGE_STANDARD = "gnu++17";
				CLANG_CXX_LIBRARY = "libc++";
				CLANG_ENABLE_MODULES = YES;
				CLANG_ENABLE_OBJC_ARC = YES;
				CLANG_ENABLE_OBJC_WEAK = YES;
				CLANG_WARN_BLOCK_CAPTURE_AUTORELEASING = YES;
				CLANG_WARN_BOOL_CONVERSION = YES;
				CLANG_WARN_COMMA = YES;
				CLANG_WARN_CONSTANT_CONVERSION = YES;
				CLANG_WARN_DEPRECATED_OBJC_IMPLEMENTATIONS = YES;
				CLANG_WARN_DIRECT_OBJC_ISA_USAGE = YES_ERROR;
				CLANG_WARN_DOCUMENTATION_COMMENTS = YES;
				CLANG_WARN_EMPTY_BODY = YES;
				CLANG_WARN_ENUM_CONVERSION = YES;
				CLANG_WARN_INFINITE_RECURSION = YES;
				CLANG_WARN_INT_CONVERSION = YES;
				CLANG_WARN_NON_LITERAL_NULL_CONVERSION = YES;
				CLANG_WARN_OBJC_IMPLICIT_RETAIN_SELF = YES;
				CLANG_WARN_OBJC_LITERAL_CONVERSION = YES;
				CLANG_WARN_OBJC_ROOT_CLASS = YES_ERROR;
				CLANG_WARN_QUOTED_INCLUDE_IN_FRAMEWORK_HEADER = YES;
				CLANG_WARN_RANGE_LOOP_ANALYSIS = YES;
				CLANG_WARN_STRICT_PROTOTYPES = YES;
				CLANG_WARN_SUSPICIOUS_MOVE = YES;
				CLANG_WARN_UNGUARDED_AVAILABILITY = YES_AGGRESSIVE;
				CLANG_WARN_UNREACHABLE_CODE = YES;
				CLANG_WARN__DUPLICATE_METHOD_MATCH = YES;
				COPY_PHASE_STRIP = NO;
				DEBUG_INFORMATION_FORMAT = "dwarf-with-dsym";
				ENABLE_NS_ASSERTIONS = NO;
				ENABLE_STRICT_OBJC_MSGSEND = YES;
				GCC_C_LANGUAGE_STANDARD = gnu11;
				GCC_NO_COMMON_BLOCKS = YES;
				GCC_WARN_64_TO_32_BIT_CONVERSION = YES;
				GCC_WARN_ABOUT_RETURN_TYPE = YES_ERROR;
				GCC_WARN_UNDECLARED_SELECTOR = YES;
				GCC_WARN_UNINITIALIZED_AUTOS = YES_AGGRESSIVE;
				GCC_WARN_UNUSED_FUNCTION = YES;
				GCC_WARN_UNUSED_VARIABLE = YES;
				IPHONEOS_DEPLOYMENT_TARGET = 15.0;
				MTL_ENABLE_DEBUG_INFO = NO;
				MTL_FAST_MATH = YES;
				SDKROOT = iphoneos;
				SWIFT_COMPILATION_MODE = wholemodule;
				SWIFT_OPTIMIZATION_LEVEL = "-O";
				VALIDATE_PRODUCT = YES;
			};
			name = Release;
		};
		BAE9CF6C2727928100C5A353 /* Debug */ = {
			isa = XCBuildConfiguration;
			buildSettings = {
				ASSETCATALOG_COMPILER_APPICON_NAME = AppIcon;
				ASSETCATALOG_COMPILER_GLOBAL_ACCENT_COLOR_NAME = AccentColor;
				CODE_SIGN_STYLE = Automatic;
				CURRENT_PROJECT_VERSION = 1;
				GENERATE_INFOPLIST_FILE = YES;
				INFOPLIST_FILE = Peliculas/Info.plist;
				INFOPLIST_KEY_UIApplicationSupportsIndirectInputEvents = YES;
				INFOPLIST_KEY_UILaunchStoryboardName = LaunchScreen;
				INFOPLIST_KEY_UIMainStoryboardFile = Movies;
				INFOPLIST_KEY_UISupportedInterfaceOrientations_iPad = "UIInterfaceOrientationPortrait UIInterfaceOrientationPortraitUpsideDown UIInterfaceOrientationLandscapeLeft UIInterfaceOrientationLandscapeRight";
				INFOPLIST_KEY_UISupportedInterfaceOrientations_iPhone = "UIInterfaceOrientationPortrait UIInterfaceOrientationLandscapeLeft UIInterfaceOrientationLandscapeRight";
				LD_RUNPATH_SEARCH_PATHS = (
					"$(inherited)",
					"@executable_path/Frameworks",
				);
				MARKETING_VERSION = 1.0;
				PRODUCT_BUNDLE_IDENTIFIER = com.isil.Peliculas;
				PRODUCT_NAME = "$(TARGET_NAME)";
				SWIFT_EMIT_LOC_STRINGS = YES;
				SWIFT_VERSION = 5.0;
				TARGETED_DEVICE_FAMILY = "1,2";
			};
			name = Debug;
		};
		BAE9CF6D2727928100C5A353 /* Release */ = {
			isa = XCBuildConfiguration;
			buildSettings = {
				ASSETCATALOG_COMPILER_APPICON_NAME = AppIcon;
				ASSETCATALOG_COMPILER_GLOBAL_ACCENT_COLOR_NAME = AccentColor;
				CODE_SIGN_STYLE = Automatic;
				CURRENT_PROJECT_VERSION = 1;
				GENERATE_INFOPLIST_FILE = YES;
				INFOPLIST_FILE = Peliculas/Info.plist;
				INFOPLIST_KEY_UIApplicationSupportsIndirectInputEvents = YES;
				INFOPLIST_KEY_UILaunchStoryboardName = LaunchScreen;
				INFOPLIST_KEY_UIMainStoryboardFile = Movies;
				INFOPLIST_KEY_UISupportedInterfaceOrientations_iPad = "UIInterfaceOrientationPortrait UIInterfaceOrientationPortraitUpsideDown UIInterfaceOrientationLandscapeLeft UIInterfaceOrientationLandscapeRight";
				INFOPLIST_KEY_UISupportedInterfaceOrientations_iPhone = "UIInterfaceOrientationPortrait UIInterfaceOrientationLandscapeLeft UIInterfaceOrientationLandscapeRight";
				LD_RUNPATH_SEARCH_PATHS = (
					"$(inherited)",
					"@executable_path/Frameworks",
				);
				MARKETING_VERSION = 1.0;
				PRODUCT_BUNDLE_IDENTIFIER = com.isil.Peliculas;
				PRODUCT_NAME = "$(TARGET_NAME)";
				SWIFT_EMIT_LOC_STRINGS = YES;
				SWIFT_VERSION = 5.0;
				TARGETED_DEVICE_FAMILY = "1,2";
			};
			name = Release;
		};
/* End XCBuildConfiguration section */

/* Begin XCConfigurationList section */
		BAE9CF522727927F00C5A353 /* Build configuration list for PBXProject "Peliculas" */ = {
			isa = XCConfigurationList;
			buildConfigurations = (
				BAE9CF692727928100C5A353 /* Debug */,
				BAE9CF6A2727928100C5A353 /* Release */,
			);
			defaultConfigurationIsVisible = 0;
			defaultConfigurationName = Release;
		};
		BAE9CF6B2727928100C5A353 /* Build configuration list for PBXNativeTarget "Peliculas" */ = {
			isa = XCConfigurationList;
			buildConfigurations = (
				BAE9CF6C2727928100C5A353 /* Debug */,
				BAE9CF6D2727928100C5A353 /* Release */,
			);
			defaultConfigurationIsVisible = 0;
			defaultConfigurationName = Release;
		};
/* End XCConfigurationList section */

/* Begin XCRemoteSwiftPackageReference section */
		BAD758BB27279942000F2EA9 /* XCRemoteSwiftPackageReference "Alamofire" */ = {
			isa = XCRemoteSwiftPackageReference;
			repositoryURL = "https://github.com/Alamofire/Alamofire.git";
			requirement = {
				branch = master;
				kind = branch;
			};
		};
/* End XCRemoteSwiftPackageReference section */

/* Begin XCSwiftPackageProductDependency section */
		BAD758BC27279942000F2EA9 /* Alamofire */ = {
			isa = XCSwiftPackageProductDependency;
			package = BAD758BB27279942000F2EA9 /* XCRemoteSwiftPackageReference "Alamofire" */;
			productName = Alamofire;
		};
/* End XCSwiftPackageProductDependency section */
	};
	rootObject = BAE9CF4F2727927F00C5A353 /* Project object */;
}
