// !$*UTF8*$!
{
	archiveVersion = 1;
	classes = {
	};
	objectVersion = 55;
	objects = {

/* Begin PBXBuildFile section */
		A6CEE65B0853189BA4F23A87 /* Pods_DemoGoogleMaps.framework in Frameworks */ = {isa = PBXBuildFile; fileRef = 7D5D2F6290F9B95ACECBA411 /* Pods_DemoGoogleMaps.framework */; };
		BA356DA9275EE04B000F8F2B /* AppDelegate.swift in Sources */ = {isa = PBXBuildFile; fileRef = BA356DA8275EE04B000F8F2B /* AppDelegate.swift */; };
		BA356DAB275EE04B000F8F2B /* SceneDelegate.swift in Sources */ = {isa = PBXBuildFile; fileRef = BA356DAA275EE04B000F8F2B /* SceneDelegate.swift */; };
		BA356DAD275EE04B000F8F2B /* ViewController.swift in Sources */ = {isa = PBXBuildFile; fileRef = BA356DAC275EE04B000F8F2B /* ViewController.swift */; };
		BA356DB0275EE04B000F8F2B /* Main.storyboard in Resources */ = {isa = PBXBuildFile; fileRef = BA356DAE275EE04B000F8F2B /* Main.storyboard */; };
		BA356DB2275EE04E000F8F2B /* Assets.xcassets in Resources */ = {isa = PBXBuildFile; fileRef = BA356DB1275EE04E000F8F2B /* Assets.xcassets */; };
		BA356DB5275EE04E000F8F2B /* LaunchScreen.storyboard in Resources */ = {isa = PBXBuildFile; fileRef = BA356DB3275EE04E000F8F2B /* LaunchScreen.storyboard */; };
/* End PBXBuildFile section */

/* Begin PBXFileReference section */
		5B54DB3DAE74A879889A3321 /* Pods-DemoGoogleMaps.debug.xcconfig */ = {isa = PBXFileReference; includeInIndex = 1; lastKnownFileType = text.xcconfig; name = "Pods-DemoGoogleMaps.debug.xcconfig"; path = "Target Support Files/Pods-DemoGoogleMaps/Pods-DemoGoogleMaps.debug.xcconfig"; sourceTree = "<group>"; };
		7D5D2F6290F9B95ACECBA411 /* Pods_DemoGoogleMaps.framework */ = {isa = PBXFileReference; explicitFileType = wrapper.framework; includeInIndex = 0; path = Pods_DemoGoogleMaps.framework; sourceTree = BUILT_PRODUCTS_DIR; };
		BA356DA5275EE04B000F8F2B /* DemoGoogleMaps.app */ = {isa = PBXFileReference; explicitFileType = wrapper.application; includeInIndex = 0; path = DemoGoogleMaps.app; sourceTree = BUILT_PRODUCTS_DIR; };
		BA356DA8275EE04B000F8F2B /* AppDelegate.swift */ = {isa = PBXFileReference; lastKnownFileType = sourcecode.swift; path = AppDelegate.swift; sourceTree = "<group>"; };
		BA356DAA275EE04B000F8F2B /* SceneDelegate.swift */ = {isa = PBXFileReference; lastKnownFileType = sourcecode.swift; path = SceneDelegate.swift; sourceTree = "<group>"; };
		BA356DAC275EE04B000F8F2B /* ViewController.swift */ = {isa = PBXFileReference; lastKnownFileType = sourcecode.swift; path = ViewController.swift; sourceTree = "<group>"; };
		BA356DAF275EE04B000F8F2B /* Base */ = {isa = PBXFileReference; lastKnownFileType = file.storyboard; name = Base; path = Base.lproj/Main.storyboard; sourceTree = "<group>"; };
		BA356DB1275EE04E000F8F2B /* Assets.xcassets */ = {isa = PBXFileReference; lastKnownFileType = folder.assetcatalog; path = Assets.xcassets; sourceTree = "<group>"; };
		BA356DB4275EE04E000F8F2B /* Base */ = {isa = PBXFileReference; lastKnownFileType = file.storyboard; name = Base; path = Base.lproj/LaunchScreen.storyboard; sourceTree = "<group>"; };
		BA356DB6275EE04E000F8F2B /* Info.plist */ = {isa = PBXFileReference; lastKnownFileType = text.plist.xml; path = Info.plist; sourceTree = "<group>"; };
		E9E791FF6E5033FCE1077931 /* Pods-DemoGoogleMaps.release.xcconfig */ = {isa = PBXFileReference; includeInIndex = 1; lastKnownFileType = text.xcconfig; name = "Pods-DemoGoogleMaps.release.xcconfig"; path = "Target Support Files/Pods-DemoGoogleMaps/Pods-DemoGoogleMaps.release.xcconfig"; sourceTree = "<group>"; };
/* End PBXFileReference section */

/* Begin PBXFrameworksBuildPhase section */
		BA356DA2275EE04B000F8F2B /* Frameworks */ = {
			isa = PBXFrameworksBuildPhase;
			buildActionMask = 2147483647;
			files = (
				A6CEE65B0853189BA4F23A87 /* Pods_DemoGoogleMaps.framework in Frameworks */,
			);
			runOnlyForDeploymentPostprocessing = 0;
		};
/* End PBXFrameworksBuildPhase section */

/* Begin PBXGroup section */
		9839979AEC426CFF4F63206B /* Frameworks */ = {
			isa = PBXGroup;
			children = (
				7D5D2F6290F9B95ACECBA411 /* Pods_DemoGoogleMaps.framework */,
			);
			name = Frameworks;
			sourceTree = "<group>";
		};
		BA356D9C275EE04B000F8F2B = {
			isa = PBXGroup;
			children = (
				BA356DA7275EE04B000F8F2B /* DemoGoogleMaps */,
				BA356DA6275EE04B000F8F2B /* Products */,
				D147B7A2CB946899DD432C5C /* Pods */,
				9839979AEC426CFF4F63206B /* Frameworks */,
			);
			sourceTree = "<group>";
		};
		BA356DA6275EE04B000F8F2B /* Products */ = {
			isa = PBXGroup;
			children = (
				BA356DA5275EE04B000F8F2B /* DemoGoogleMaps.app */,
			);
			name = Products;
			sourceTree = "<group>";
		};
		BA356DA7275EE04B000F8F2B /* DemoGoogleMaps */ = {
			isa = PBXGroup;
			children = (
				BA356DA8275EE04B000F8F2B /* AppDelegate.swift */,
				BA356DAA275EE04B000F8F2B /* SceneDelegate.swift */,
				BA356DAC275EE04B000F8F2B /* ViewController.swift */,
				BA356DAE275EE04B000F8F2B /* Main.storyboard */,
				BA356DB1275EE04E000F8F2B /* Assets.xcassets */,
				BA356DB3275EE04E000F8F2B /* LaunchScreen.storyboard */,
				BA356DB6275EE04E000F8F2B /* Info.plist */,
			);
			path = DemoGoogleMaps;
			sourceTree = "<group>";
		};
		D147B7A2CB946899DD432C5C /* Pods */ = {
			isa = PBXGroup;
			children = (
				5B54DB3DAE74A879889A3321 /* Pods-DemoGoogleMaps.debug.xcconfig */,
				E9E791FF6E5033FCE1077931 /* Pods-DemoGoogleMaps.release.xcconfig */,
			);
			name = Pods;
			path = Pods;
			sourceTree = "<group>";
		};
/* End PBXGroup section */

/* Begin PBXNativeTarget section */
		BA356DA4275EE04B000F8F2B /* DemoGoogleMaps */ = {
			isa = PBXNativeTarget;
			buildConfigurationList = BA356DB9275EE04E000F8F2B /* Build configuration list for PBXNativeTarget "DemoGoogleMaps" */;
			buildPhases = (
				054390C2824BD474DE3D9CD7 /* [CP] Check Pods Manifest.lock */,
				BA356DA1275EE04B000F8F2B /* Sources */,
				BA356DA2275EE04B000F8F2B /* Frameworks */,
				BA356DA3275EE04B000F8F2B /* Resources */,
				8615175550F0CD56EC3466FA /* [CP] Copy Pods Resources */,
			);
			buildRules = (
			);
			dependencies = (
			);
			name = DemoGoogleMaps;
			productName = DemoGoogleMaps;
			productReference = BA356DA5275EE04B000F8F2B /* DemoGoogleMaps.app */;
			productType = "com.apple.product-type.application";
		};
/* End PBXNativeTarget section */

/* Begin PBXProject section */
		BA356D9D275EE04B000F8F2B /* Project object */ = {
			isa = PBXProject;
			attributes = {
				BuildIndependentTargetsInParallel = 1;
				LastSwiftUpdateCheck = 1310;
				LastUpgradeCheck = 1310;
				TargetAttributes = {
					BA356DA4275EE04B000F8F2B = {
						CreatedOnToolsVersion = 13.1;
					};
				};
			};
			buildConfigurationList = BA356DA0275EE04B000F8F2B /* Build configuration list for PBXProject "DemoGoogleMaps" */;
			compatibilityVersion = "Xcode 13.0";
			developmentRegion = en;
			hasScannedForEncodings = 0;
			knownRegions = (
				en,
				Base,
			);
			mainGroup = BA356D9C275EE04B000F8F2B;
			productRefGroup = BA356DA6275EE04B000F8F2B /* Products */;
			projectDirPath = "";
			projectRoot = "";
			targets = (
				BA356DA4275EE04B000F8F2B /* DemoGoogleMaps */,
			);
		};
/* End PBXProject section */

/* Begin PBXResourcesBuildPhase section */
		BA356DA3275EE04B000F8F2B /* Resources */ = {
			isa = PBXResourcesBuildPhase;
			buildActionMask = 2147483647;
			files = (
				BA356DB5275EE04E000F8F2B /* LaunchScreen.storyboard in Resources */,
				BA356DB2275EE04E000F8F2B /* Assets.xcassets in Resources */,
				BA356DB0275EE04B000F8F2B /* Main.storyboard in Resources */,
			);
			runOnlyForDeploymentPostprocessing = 0;
		};
/* End PBXResourcesBuildPhase section */

/* Begin PBXShellScriptBuildPhase section */
		054390C2824BD474DE3D9CD7 /* [CP] Check Pods Manifest.lock */ = {
			isa = PBXShellScriptBuildPhase;
			buildActionMask = 2147483647;
			files = (
			);
			inputFileListPaths = (
			);
			inputPaths = (
				"${PODS_PODFILE_DIR_PATH}/Podfile.lock",
				"${PODS_ROOT}/Manifest.lock",
			);
			name = "[CP] Check Pods Manifest.lock";
			outputFileListPaths = (
			);
			outputPaths = (
				"$(DERIVED_FILE_DIR)/Pods-DemoGoogleMaps-checkManifestLockResult.txt",
			);
			runOnlyForDeploymentPostprocessing = 0;
			shellPath = /bin/sh;
			shellScript = "diff \"${PODS_PODFILE_DIR_PATH}/Podfile.lock\" \"${PODS_ROOT}/Manifest.lock\" > /dev/null\nif [ $? != 0 ] ; then\n    # print error to STDERR\n    echo \"error: The sandbox is not in sync with the Podfile.lock. Run 'pod install' or update your CocoaPods installation.\" >&2\n    exit 1\nfi\n# This output is used by Xcode 'outputs' to avoid re-running this script phase.\necho \"SUCCESS\" > \"${SCRIPT_OUTPUT_FILE_0}\"\n";
			showEnvVarsInLog = 0;
		};
		8615175550F0CD56EC3466FA /* [CP] Copy Pods Resources */ = {
			isa = PBXShellScriptBuildPhase;
			buildActionMask = 2147483647;
			files = (
			);
			inputFileListPaths = (
				"${PODS_ROOT}/Target Support Files/Pods-DemoGoogleMaps/Pods-DemoGoogleMaps-resources-${CONFIGURATION}-input-files.xcfilelist",
			);
			name = "[CP] Copy Pods Resources";
			outputFileListPaths = (
				"${PODS_ROOT}/Target Support Files/Pods-DemoGoogleMaps/Pods-DemoGoogleMaps-resources-${CONFIGURATION}-output-files.xcfilelist",
			);
			runOnlyForDeploymentPostprocessing = 0;
			shellPath = /bin/sh;
			shellScript = "\"${PODS_ROOT}/Target Support Files/Pods-DemoGoogleMaps/Pods-DemoGoogleMaps-resources.sh\"\n";
			showEnvVarsInLog = 0;
		};
/* End PBXShellScriptBuildPhase section */

/* Begin PBXSourcesBuildPhase section */
		BA356DA1275EE04B000F8F2B /* Sources */ = {
			isa = PBXSourcesBuildPhase;
			buildActionMask = 2147483647;
			files = (
				BA356DAD275EE04B000F8F2B /* ViewController.swift in Sources */,
				BA356DA9275EE04B000F8F2B /* AppDelegate.swift in Sources */,
				BA356DAB275EE04B000F8F2B /* SceneDelegate.swift in Sources */,
			);
			runOnlyForDeploymentPostprocessing = 0;
		};
/* End PBXSourcesBuildPhase section */

/* Begin PBXVariantGroup section */
		BA356DAE275EE04B000F8F2B /* Main.storyboard */ = {
			isa = PBXVariantGroup;
			children = (
				BA356DAF275EE04B000F8F2B /* Base */,
			);
			name = Main.storyboard;
			sourceTree = "<group>";
		};
		BA356DB3275EE04E000F8F2B /* LaunchScreen.storyboard */ = {
			isa = PBXVariantGroup;
			children = (
				BA356DB4275EE04E000F8F2B /* Base */,
			);
			name = LaunchScreen.storyboard;
			sourceTree = "<group>";
		};
/* End PBXVariantGroup section */

/* Begin XCBuildConfiguration section */
		BA356DB7275EE04E000F8F2B /* Debug */ = {
			isa = XCBuildConfiguration;
			buildSettings = {
				ALWAYS_SEARCH_USER_PATHS = NO;
				CLANG_ANALYZER_NONNULL = YES;
				CLANG_ANALYZER_NUMBER_OBJECT_CONVERSION = YES_AGGRESSIVE;
				CLANG_CXX_LANGUAGE_STANDARD = "gnu++17";
				CLANG_CXX_LIBRARY = "libc++";
				CLANG_ENABLE_MODULES = YES;
				CLANG_ENABLE_OBJC_ARC = YES;
				CLANG_ENABLE_OBJC_WEAK = YES;
				CLANG_WARN_BLOCK_CAPTURE_AUTORELEASING = YES;
				CLANG_WARN_BOOL_CONVERSION = YES;
				CLANG_WARN_COMMA = YES;
				CLANG_WARN_CONSTANT_CONVERSION = YES;
				CLANG_WARN_DEPRECATED_OBJC_IMPLEMENTATIONS = YES;
				CLANG_WARN_DIRECT_OBJC_ISA_USAGE = YES_ERROR;
				CLANG_WARN_DOCUMENTATION_COMMENTS = YES;
				CLANG_WARN_EMPTY_BODY = YES;
				CLANG_WARN_ENUM_CONVERSION = YES;
				CLANG_WARN_INFINITE_RECURSION = YES;
				CLANG_WARN_INT_CONVERSION = YES;
				CLANG_WARN_NON_LITERAL_NULL_CONVERSION = YES;
				CLANG_WARN_OBJC_IMPLICIT_RETAIN_SELF = YES;
				CLANG_WARN_OBJC_LITERAL_CONVERSION = YES;
				CLANG_WARN_OBJC_ROOT_CLASS = YES_ERROR;
				CLANG_WARN_QUOTED_INCLUDE_IN_FRAMEWORK_HEADER = YES;
				CLANG_WARN_RANGE_LOOP_ANALYSIS = YES;
				CLANG_WARN_STRICT_PROTOTYPES = YES;
				CLANG_WARN_SUSPICIOUS_MOVE = YES;
				CLANG_WARN_UNGUARDED_AVAILABILITY = YES_AGGRESSIVE;
				CLANG_WARN_UNREACHABLE_CODE = YES;
				CLANG_WARN__DUPLICATE_METHOD_MATCH = YES;
				COPY_PHASE_STRIP = NO;
				DEBUG_INFORMATION_FORMAT = dwarf;
				ENABLE_STRICT_OBJC_MSGSEND = YES;
				ENABLE_TESTABILITY = YES;
				GCC_C_LANGUAGE_STANDARD = gnu11;
				GCC_DYNAMIC_NO_PIC = NO;
				GCC_NO_COMMON_BLOCKS = YES;
				GCC_OPTIMIZATION_LEVEL = 0;
				GCC_PREPROCESSOR_DEFINITIONS = (
					"DEBUG=1",
					"$(inherited)",
				);
				GCC_WARN_64_TO_32_BIT_CONVERSION = YES;
				GCC_WARN_ABOUT_RETURN_TYPE = YES_ERROR;
				GCC_WARN_UNDECLARED_SELECTOR = YES;
				GCC_WARN_UNINITIALIZED_AUTOS = YES_AGGRESSIVE;
				GCC_WARN_UNUSED_FUNCTION = YES;
				GCC_WARN_UNUSED_VARIABLE = YES;
				IPHONEOS_DEPLOYMENT_TARGET = 15.0;
				MTL_ENABLE_DEBUG_INFO = INCLUDE_SOURCE;
				MTL_FAST_MATH = YES;
				ONLY_ACTIVE_ARCH = YES;
				SDKROOT = iphoneos;
				SWIFT_ACTIVE_COMPILATION_CONDITIONS = DEBUG;
				SWIFT_OPTIMIZATION_LEVEL = "-Onone";
			};
			name = Debug;
		};
		BA356DB8275EE04E000F8F2B /* Release */ = {
			isa = XCBuildConfiguration;
			buildSettings = {
				ALWAYS_SEARCH_USER_PATHS = NO;
				CLANG_ANALYZER_NONNULL = YES;
				CLANG_ANALYZER_NUMBER_OBJECT_CONVERSION = YES_AGGRESSIVE;
				CLANG_CXX_LANGUAGE_STANDARD = "gnu++17";
				CLANG_CXX_LIBRARY = "libc++";
				CLANG_ENABLE_MODULES = YES;
				CLANG_ENABLE_OBJC_ARC = YES;
				CLANG_ENABLE_OBJC_WEAK = YES;
				CLANG_WARN_BLOCK_CAPTURE_AUTORELEASING = YES;
				CLANG_WARN_BOOL_CONVERSION = YES;
				CLANG_WARN_COMMA = YES;
				CLANG_WARN_CONSTANT_CONVERSION = YES;
				CLANG_WARN_DEPRECATED_OBJC_IMPLEMENTATIONS = YES;
				CLANG_WARN_DIRECT_OBJC_ISA_USAGE = YES_ERROR;
				CLANG_WARN_DOCUMENTATION_COMMENTS = YES;
				CLANG_WARN_EMPTY_BODY = YES;
				CLANG_WARN_ENUM_CONVERSION = YES;
				CLANG_WARN_INFINITE_RECURSION = YES;
				CLANG_WARN_INT_CONVERSION = YES;
				CLANG_WARN_NON_LITERAL_NULL_CONVERSION = YES;
				CLANG_WARN_OBJC_IMPLICIT_RETAIN_SELF = YES;
				CLANG_WARN_OBJC_LITERAL_CONVERSION = YES;
				CLANG_WARN_OBJC_ROOT_CLASS = YES_ERROR;
				CLANG_WARN_QUOTED_INCLUDE_IN_FRAMEWORK_HEADER = YES;
				CLANG_WARN_RANGE_LOOP_ANALYSIS = YES;
				CLANG_WARN_STRICT_PROTOTYPES = YES;
				CLANG_WARN_SUSPICIOUS_MOVE = YES;
				CLANG_WARN_UNGUARDED_AVAILABILITY = YES_AGGRESSIVE;
				CLANG_WARN_UNREACHABLE_CODE = YES;
				CLANG_WARN__DUPLICATE_METHOD_MATCH = YES;
				COPY_PHASE_STRIP = NO;
				DEBUG_INFORMATION_FORMAT = "dwarf-with-dsym";
				ENABLE_NS_ASSERTIONS = NO;
				ENABLE_STRICT_OBJC_MSGSEND = YES;
				GCC_C_LANGUAGE_STANDARD = gnu11;
				GCC_NO_COMMON_BLOCKS = YES;
				GCC_WARN_64_TO_32_BIT_CONVERSION = YES;
				GCC_WARN_ABOUT_RETURN_TYPE = YES_ERROR;
				GCC_WARN_UNDECLARED_SELECTOR = YES;
				GCC_WARN_UNINITIALIZED_AUTOS = YES_AGGRESSIVE;
				GCC_WARN_UNUSED_FUNCTION = YES;
				GCC_WARN_UNUSED_VARIABLE = YES;
				IPHONEOS_DEPLOYMENT_TARGET = 15.0;
				MTL_ENABLE_DEBUG_INFO = NO;
				MTL_FAST_MATH = YES;
				SDKROOT = iphoneos;
				SWIFT_COMPILATION_MODE = wholemodule;
				SWIFT_OPTIMIZATION_LEVEL = "-O";
				VALIDATE_PRODUCT = YES;
			};
			name = Release;
		};
		BA356DBA275EE04E000F8F2B /* Debug */ = {
			isa = XCBuildConfiguration;
			baseConfigurationReference = 5B54DB3DAE74A879889A3321 /* Pods-DemoGoogleMaps.debug.xcconfig */;
			buildSettings = {
				ASSETCATALOG_COMPILER_APPICON_NAME = AppIcon;
				ASSETCATALOG_COMPILER_GLOBAL_ACCENT_COLOR_NAME = AccentColor;
				CODE_SIGN_STYLE = Automatic;
				CURRENT_PROJECT_VERSION = 1;
				GENERATE_INFOPLIST_FILE = YES;
				INFOPLIST_FILE = DemoGoogleMaps/Info.plist;
				INFOPLIST_KEY_UIApplicationSupportsIndirectInputEvents = YES;
				INFOPLIST_KEY_UILaunchStoryboardName = LaunchScreen;
				INFOPLIST_KEY_UIMainStoryboardFile = Main;
				INFOPLIST_KEY_UISupportedInterfaceOrientations_iPad = "UIInterfaceOrientationPortrait UIInterfaceOrientationPortraitUpsideDown UIInterfaceOrientationLandscapeLeft UIInterfaceOrientationLandscapeRight";
				INFOPLIST_KEY_UISupportedInterfaceOrientations_iPhone = "UIInterfaceOrientationPortrait UIInterfaceOrientationLandscapeLeft UIInterfaceOrientationLandscapeRight";
				LD_RUNPATH_SEARCH_PATHS = (
					"$(inherited)",
					"@executable_path/Frameworks",
				);
				MARKETING_VERSION = 1.0;
				PRODUCT_BUNDLE_IDENTIFIER = com.isil.demogooglemaps;
				PRODUCT_NAME = "$(TARGET_NAME)";
				SWIFT_EMIT_LOC_STRINGS = YES;
				SWIFT_VERSION = 5.0;
				TARGETED_DEVICE_FAMILY = "1,2";
			};
			name = Debug;
		};
		BA356DBB275EE04E000F8F2B /* Release */ = {
			isa = XCBuildConfiguration;
			baseConfigurationReference = E9E791FF6E5033FCE1077931 /* Pods-DemoGoogleMaps.release.xcconfig */;
			buildSettings = {
				ASSETCATALOG_COMPILER_APPICON_NAME = AppIcon;
				ASSETCATALOG_COMPILER_GLOBAL_ACCENT_COLOR_NAME = AccentColor;
				CODE_SIGN_STYLE = Automatic;
				CURRENT_PROJECT_VERSION = 1;
				GENERATE_INFOPLIST_FILE = YES;
				INFOPLIST_FILE = DemoGoogleMaps/Info.plist;
				INFOPLIST_KEY_UIApplicationSupportsIndirectInputEvents = YES;
				INFOPLIST_KEY_UILaunchStoryboardName = LaunchScreen;
				INFOPLIST_KEY_UIMainStoryboardFile = Main;
				INFOPLIST_KEY_UISupportedInterfaceOrientations_iPad = "UIInterfaceOrientationPortrait UIInterfaceOrientationPortraitUpsideDown UIInterfaceOrientationLandscapeLeft UIInterfaceOrientationLandscapeRight";
				INFOPLIST_KEY_UISupportedInterfaceOrientations_iPhone = "UIInterfaceOrientationPortrait UIInterfaceOrientationLandscapeLeft UIInterfaceOrientationLandscapeRight";
				LD_RUNPATH_SEARCH_PATHS = (
					"$(inherited)",
					"@executable_path/Frameworks",
				);
				MARKETING_VERSION = 1.0;
				PRODUCT_BUNDLE_IDENTIFIER = com.isil.demogooglemaps;
				PRODUCT_NAME = "$(TARGET_NAME)";
				SWIFT_EMIT_LOC_STRINGS = YES;
				SWIFT_VERSION = 5.0;
				TARGETED_DEVICE_FAMILY = "1,2";
			};
			name = Release;
		};
/* End XCBuildConfiguration section */

/* Begin XCConfigurationList section */
		BA356DA0275EE04B000F8F2B /* Build configuration list for PBXProject "DemoGoogleMaps" */ = {
			isa = XCConfigurationList;
			buildConfigurations = (
				BA356DB7275EE04E000F8F2B /* Debug */,
				BA356DB8275EE04E000F8F2B /* Release */,
			);
			defaultConfigurationIsVisible = 0;
			defaultConfigurationName = Release;
		};
		BA356DB9275EE04E000F8F2B /* Build configuration list for PBXNativeTarget "DemoGoogleMaps" */ = {
			isa = XCConfigurationList;
			buildConfigurations = (
				BA356DBA275EE04E000F8F2B /* Debug */,
				BA356DBB275EE04E000F8F2B /* Release */,
			);
			defaultConfigurationIsVisible = 0;
			defaultConfigurationName = Release;
		};
/* End XCConfigurationList section */
	};
	rootObject = BA356D9D275EE04B000F8F2B /* Project object */;
}
